
Microsoft Visual Studio Solution File, Format Version 12.00
# Visual Studio Version 16
VisualStudioVersion = 16.0.31624.102
MinimumVisualStudioVersion = 10.0.40219.1
Project("{FAE04EC0-301F-11D3-BF4B-00C04F79EFBC}") = "WinFormsApp1", "WinFormsApp1\WinFormsApp1.csproj", "{446B51C1-58E7-4AC4-AE1A-B0D3F663AF13}"
EndProject
Global
	GlobalSection(SolutionConfigurationPlatforms) = preSolution
		Debug|Any CPU = Debug|Any CPU
		Release|Any CPU = Release|Any CPU
	EndGlobalSection
	GlobalSection(ProjectConfigurationPlatforms) = postSolution
		{446B51C1-58E7-4AC4-AE1A-B0D3F663AF13}.Debug|Any CPU.ActiveCfg = Debug|Any CPU
		{446B51C1-58E7-4AC4-AE1A-B0D3F663AF13}.Debug|Any CPU.Build.0 = Debug|Any CPU
		{446B51C1-58E7-4AC4-AE1A-B0D3F663AF13}.Release|Any CPU.ActiveCfg = Release|Any CPU
		{446B51C1-58E7-4AC4-AE1A-B0D3F663AF13}.Release|Any CPU.Build.0 = Release|Any CPU
	EndGlobalSection
	GlobalSection(SolutionProperties) = preSolution
		HideSolutionNode = FALSE
	EndGlobalSection
	GlobalSection(ExtensibilityGlobals) = postSolution
		SolutionGuid = {A3A9D2F8-E206-4B70-B068-5DCAACA5CDC8}
	EndGlobalSection
EndGlobal
